
Microsoft Visual Studio Solution File, Format Version 12.00
# Visual Studio Version 16
VisualStudioVersion = 16.0.31613.86
MinimumVisualStudioVersion = 10.0.40219.1
Project("{9A19103F-16F7-4668-BE54-9A1E7A4F7556}") = "LSZTodo.Common", "LSZTodo.Common\LSZTodo.Common.csproj", "{46671275-F51B-467F-BADE-7769188B98DC}"
EndProject
Project("{FAE04EC0-301F-11D3-BF4B-00C04F79EFBC}") = "LSZTodo.Functions", "LSZTodo.Functions\LSZTodo.Functions.csproj", "{E7A746D9-AF2F-4D7B-B6AC-646201FDE9DC}"
EndProject
Project("{FAE04EC0-301F-11D3-BF4B-00C04F79EFBC}") = "LSZTodo.Test", "LSZTodo.Test\LSZTodo.Test.csproj", "{4E9D8248-EF31-436C-ACEF-41386761D86E}"
EndProject
Global
	GlobalSection(SolutionConfigurationPlatforms) = preSolution
		Debug|Any CPU = Debug|Any CPU
		Release|Any CPU = Release|Any CPU
	EndGlobalSection
	GlobalSection(ProjectConfigurationPlatforms) = postSolution
		{46671275-F51B-467F-BADE-7769188B98DC}.Debug|Any CPU.ActiveCfg = Debug|Any CPU
		{46671275-F51B-467F-BADE-7769188B98DC}.Debug|Any CPU.Build.0 = Debug|Any CPU
		{46671275-F51B-467F-BADE-7769188B98DC}.Release|Any CPU.ActiveCfg = Release|Any CPU
		{46671275-F51B-467F-BADE-7769188B98DC}.Release|Any CPU.Build.0 = Release|Any CPU
		{E7A746D9-AF2F-4D7B-B6AC-646201FDE9DC}.Debug|Any CPU.ActiveCfg = Debug|Any CPU
		{E7A746D9-AF2F-4D7B-B6AC-646201FDE9DC}.Debug|Any CPU.Build.0 = Debug|Any CPU
		{E7A746D9-AF2F-4D7B-B6AC-646201FDE9DC}.Release|Any CPU.ActiveCfg = Release|Any CPU
		{E7A746D9-AF2F-4D7B-B6AC-646201FDE9DC}.Release|Any CPU.Build.0 = Release|Any CPU
		{4E9D8248-EF31-436C-ACEF-41386761D86E}.Debug|Any CPU.ActiveCfg = Debug|Any CPU
		{4E9D8248-EF31-436C-ACEF-41386761D86E}.Debug|Any CPU.Build.0 = Debug|Any CPU
		{4E9D8248-EF31-436C-ACEF-41386761D86E}.Release|Any CPU.ActiveCfg = Release|Any CPU
		{4E9D8248-EF31-436C-ACEF-41386761D86E}.Release|Any CPU.Build.0 = Release|Any CPU
	EndGlobalSection
	GlobalSection(SolutionProperties) = preSolution
		HideSolutionNode = FALSE
	EndGlobalSection
	GlobalSection(ExtensibilityGlobals) = postSolution
		SolutionGuid = {C5976F37-6FA8-4439-A43D-3B7466D9861D}
	EndGlobalSection
EndGlobal
